
Microsoft Visual Studio Solution File, Format Version 12.00
# Visual Studio Version 16
VisualStudioVersion = 16.0.31410.357
MinimumVisualStudioVersion = 10.0.40219.1
Project("{FAE04EC0-301F-11D3-BF4B-00C04F79EFBC}") = "OOP_Intro", "OOP_Intro\OOP_Intro.csproj", "{66EBEA7D-8E6B-4F62-8B58-8020256E4633}"
EndProject
Global
	GlobalSection(SolutionConfigurationPlatforms) = preSolution
		Debug|Any CPU = Debug|Any CPU
		Release|Any CPU = Release|Any CPU
	EndGlobalSection
	GlobalSection(ProjectConfigurationPlatforms) = postSolution
		{66EBEA7D-8E6B-4F62-8B58-8020256E4633}.Debug|Any CPU.ActiveCfg = Debug|Any CPU
		{66EBEA7D-8E6B-4F62-8B58-8020256E4633}.Debug|Any CPU.Build.0 = Debug|Any CPU
		{66EBEA7D-8E6B-4F62-8B58-8020256E4633}.Release|Any CPU.ActiveCfg = Release|Any CPU
		{66EBEA7D-8E6B-4F62-8B58-8020256E4633}.Release|Any CPU.Build.0 = Release|Any CPU
	EndGlobalSection
	GlobalSection(SolutionProperties) = preSolution
		HideSolutionNode = FALSE
	EndGlobalSection
	GlobalSection(ExtensibilityGlobals) = postSolution
		SolutionGuid = {4E87382D-960F-4936-AC2D-9548A9B7AFE6}
	EndGlobalSection
EndGlobal
